github.com/fomichev/secp256k1 v0.0.0-20180413221153-00116ff8c62f h1:YbIfHI+s+tauzUAdNw+lF8a9o056PoIPaLGodgh5D7g=
github.com/fomichev/secp256k1 v0.0.0-20180413221153-00116ff8c62f/go.mod h1:X4BmRxczPduAy11nSLYwnR11VuvnbG7ozOTDKLHhx70=
github.com/ugorji/go v1.1.7 h1:/68gy2h+1mWMrwZFeD1kQialdSzAb432dtpeJ42ovdo=
github.com/ugorji/go v1.1.7/go.mod h1:kZn38zHttfInRq0xu/PH0az30d+z6vm202qpg1oXVMw=
github.com/ugorji/go/codec v1.1.7 h1:2SvQaVZ1ouYrrKKwoSk2pzd4A9evlKJb9oTL+OaLUSs=
github.com/ugorji/go/codec v1.1.7/go.mod h1:Ax+UKWsSmolVDwsd+7N3ZtXu+yMGCf907BLYF3GoBXY=
